// !$*UTF8*$!
{
	archiveVersion = 1;
	classes = {
	};
	objectVersion = 56;
	objects = {

/* Begin PBXBuildFile section */
		1D0FBE9F29835EC0003876D6 /* DogCell.swift in Sources */ = {isa = PBXBuildFile; fileRef = 1D0FBE9E29835EC0003876D6 /* DogCell.swift */; };
		1D122EB429802E9D006AFDE9 /* AppDelegate.swift in Sources */ = {isa = PBXBuildFile; fileRef = 1D122EB329802E9D006AFDE9 /* AppDelegate.swift */; };
		1D122EB629802E9D006AFDE9 /* SceneDelegate.swift in Sources */ = {isa = PBXBuildFile; fileRef = 1D122EB529802E9D006AFDE9 /* SceneDelegate.swift */; };
		1D122EB829802E9D006AFDE9 /* ViewController.swift in Sources */ = {isa = PBXBuildFile; fileRef = 1D122EB729802E9D006AFDE9 /* ViewController.swift */; };
		1D122EBB29802E9D006AFDE9 /* Main.storyboard in Resources */ = {isa = PBXBuildFile; fileRef = 1D122EB929802E9D006AFDE9 /* Main.storyboard */; };
		1D122EBD29802E9E006AFDE9 /* Assets.xcassets in Resources */ = {isa = PBXBuildFile; fileRef = 1D122EBC29802E9E006AFDE9 /* Assets.xcassets */; };
		1D122EC029802E9E006AFDE9 /* LaunchScreen.storyboard in Resources */ = {isa = PBXBuildFile; fileRef = 1D122EBE29802E9E006AFDE9 /* LaunchScreen.storyboard */; };
		1D45E0392981F4770040CC4B /* dog_blank.svg in Resources */ = {isa = PBXBuildFile; fileRef = 1D45E0382981F4770040CC4B /* dog_blank.svg */; };
		1D9DDF3F2980384E00CABC0D /* Dog.swift in Sources */ = {isa = PBXBuildFile; fileRef = 1D9DDF3E2980384E00CABC0D /* Dog.swift */; };
		1D9DDF4129803AB600CABC0D /* DogList.swift in Sources */ = {isa = PBXBuildFile; fileRef = 1D9DDF4029803AB600CABC0D /* DogList.swift */; };
		1D9DDF4429803BFA00CABC0D /* WebClientService.swift in Sources */ = {isa = PBXBuildFile; fileRef = 1D9DDF4329803BFA00CABC0D /* WebClientService.swift */; };
/* End PBXBuildFile section */

/* Begin PBXFileReference section */
		1D0FBE9E29835EC0003876D6 /* DogCell.swift */ = {isa = PBXFileReference; lastKnownFileType = sourcecode.swift; path = DogCell.swift; sourceTree = "<group>"; };
		1D122EB029802E9D006AFDE9 /* Assignment_2_Clean.app */ = {isa = PBXFileReference; explicitFileType = wrapper.application; includeInIndex = 0; path = Assignment_2_Clean.app; sourceTree = BUILT_PRODUCTS_DIR; };
		1D122EB329802E9D006AFDE9 /* AppDelegate.swift */ = {isa = PBXFileReference; lastKnownFileType = sourcecode.swift; path = AppDelegate.swift; sourceTree = "<group>"; };
		1D122EB529802E9D006AFDE9 /* SceneDelegate.swift */ = {isa = PBXFileReference; lastKnownFileType = sourcecode.swift; path = SceneDelegate.swift; sourceTree = "<group>"; };
		1D122EB729802E9D006AFDE9 /* ViewController.swift */ = {isa = PBXFileReference; lastKnownFileType = sourcecode.swift; path = ViewController.swift; sourceTree = "<group>"; };
		1D122EBA29802E9D006AFDE9 /* Base */ = {isa = PBXFileReference; lastKnownFileType = file.storyboard; name = Base; path = Base.lproj/Main.storyboard; sourceTree = "<group>"; };
		1D122EBC29802E9E006AFDE9 /* Assets.xcassets */ = {isa = PBXFileReference; lastKnownFileType = folder.assetcatalog; path = Assets.xcassets; sourceTree = "<group>"; };
		1D122EBF29802E9E006AFDE9 /* Base */ = {isa = PBXFileReference; lastKnownFileType = file.storyboard; name = Base; path = Base.lproj/LaunchScreen.storyboard; sourceTree = "<group>"; };
		1D122EC129802E9E006AFDE9 /* Info.plist */ = {isa = PBXFileReference; lastKnownFileType = text.plist.xml; path = Info.plist; sourceTree = "<group>"; };
		1D45E0382981F4770040CC4B /* dog_blank.svg */ = {isa = PBXFileReference; fileEncoding = 4; lastKnownFileType = text.xml; name = dog_blank.svg; path = ../../../../dog_blank.svg; sourceTree = "<group>"; };
		1D9DDF3E2980384E00CABC0D /* Dog.swift */ = {isa = PBXFileReference; lastKnownFileType = sourcecode.swift; path = Dog.swift; sourceTree = "<group>"; };
		1D9DDF4029803AB600CABC0D /* DogList.swift */ = {isa = PBXFileReference; lastKnownFileType = sourcecode.swift; path = DogList.swift; sourceTree = "<group>"; };
		1D9DDF4329803BFA00CABC0D /* WebClientService.swift */ = {isa = PBXFileReference; lastKnownFileType = sourcecode.swift; path = WebClientService.swift; sourceTree = "<group>"; };
/* End PBXFileReference section */

/* Begin PBXFrameworksBuildPhase section */
		1D122EAD29802E9D006AFDE9 /* Frameworks */ = {
			isa = PBXFrameworksBuildPhase;
			buildActionMask = 2147483647;
			files = (
			);
			runOnlyForDeploymentPostprocessing = 0;
		};
/* End PBXFrameworksBuildPhase section */

/* Begin PBXGroup section */
		1D0FBE9D29835E7A003876D6 /* Cells */ = {
			isa = PBXGroup;
			children = (
				1D0FBE9E29835EC0003876D6 /* DogCell.swift */,
			);
			path = Cells;
			sourceTree = "<group>";
		};
		1D122EA729802E9D006AFDE9 = {
			isa = PBXGroup;
			children = (
				1D122EB229802E9D006AFDE9 /* Assignment_2_Clean */,
				1D122EB129802E9D006AFDE9 /* Products */,
			);
			sourceTree = "<group>";
		};
		1D122EB129802E9D006AFDE9 /* Products */ = {
			isa = PBXGroup;
			children = (
				1D122EB029802E9D006AFDE9 /* Assignment_2_Clean.app */,
			);
			name = Products;
			sourceTree = "<group>";
		};
		1D122EB229802E9D006AFDE9 /* Assignment_2_Clean */ = {
			isa = PBXGroup;
			children = (
				1D0FBE9D29835E7A003876D6 /* Cells */,
				1D9DDF4229803B3700CABC0D /* Services */,
				1D9DDF3D2980383000CABC0D /* Models */,
				1D122EB329802E9D006AFDE9 /* AppDelegate.swift */,
				1D122EB529802E9D006AFDE9 /* SceneDelegate.swift */,
				1D122EB729802E9D006AFDE9 /* ViewController.swift */,
				1D122EB929802E9D006AFDE9 /* Main.storyboard */,
				1D122EBC29802E9E006AFDE9 /* Assets.xcassets */,
				1D45E0382981F4770040CC4B /* dog_blank.svg */,
				1D122EBE29802E9E006AFDE9 /* LaunchScreen.storyboard */,
				1D122EC129802E9E006AFDE9 /* Info.plist */,
			);
			path = Assignment_2_Clean;
			sourceTree = "<group>";
		};
		1D9DDF3D2980383000CABC0D /* Models */ = {
			isa = PBXGroup;
			children = (
				1D9DDF3E2980384E00CABC0D /* Dog.swift */,
				1D9DDF4029803AB600CABC0D /* DogList.swift */,
			);
			path = Models;
			sourceTree = "<group>";
		};
		1D9DDF4229803B3700CABC0D /* Services */ = {
			isa = PBXGroup;
			children = (
				1D9DDF4329803BFA00CABC0D /* WebClientService.swift */,
			);
			path = Services;
			sourceTree = "<group>";
		};
/* End PBXGroup section */

/* Begin PBXNativeTarget section */
		1D122EAF29802E9D006AFDE9 /* Assignment_2_Clean */ = {
			isa = PBXNativeTarget;
			buildConfigurationList = 1D122EC429802E9E006AFDE9 /* Build configuration list for PBXNativeTarget "Assignment_2_Clean" */;
			buildPhases = (
				1D122EAC29802E9D006AFDE9 /* Sources */,
				1D122EAD29802E9D006AFDE9 /* Frameworks */,
				1D122EAE29802E9D006AFDE9 /* Resources */,
			);
			buildRules = (
			);
			dependencies = (
			);
			name = Assignment_2_Clean;
			productName = Assignment_2_Clean;
			productReference = 1D122EB029802E9D006AFDE9 /* Assignment_2_Clean.app */;
			productType = "com.apple.product-type.application";
		};
/* End PBXNativeTarget section */

/* Begin PBXProject section */
		1D122EA829802E9D006AFDE9 /* Project object */ = {
			isa = PBXProject;
			attributes = {
				BuildIndependentTargetsInParallel = 1;
				LastSwiftUpdateCheck = 1420;
				LastUpgradeCheck = 1420;
				TargetAttributes = {
					1D122EAF29802E9D006AFDE9 = {
						CreatedOnToolsVersion = 14.2;
					};
				};
			};
			buildConfigurationList = 1D122EAB29802E9D006AFDE9 /* Build configuration list for PBXProject "Assignment_2_Clean" */;
			compatibilityVersion = "Xcode 14.0";
			developmentRegion = en;
			hasScannedForEncodings = 0;
			knownRegions = (
				en,
				Base,
			);
			mainGroup = 1D122EA729802E9D006AFDE9;
			productRefGroup = 1D122EB129802E9D006AFDE9 /* Products */;
			projectDirPath = "";
			projectRoot = "";
			targets = (
				1D122EAF29802E9D006AFDE9 /* Assignment_2_Clean */,
			);
		};
/* End PBXProject section */

/* Begin PBXResourcesBuildPhase section */
		1D122EAE29802E9D006AFDE9 /* Resources */ = {
			isa = PBXResourcesBuildPhase;
			buildActionMask = 2147483647;
			files = (
				1D45E0392981F4770040CC4B /* dog_blank.svg in Resources */,
				1D122EC029802E9E006AFDE9 /* LaunchScreen.storyboard in Resources */,
				1D122EBD29802E9E006AFDE9 /* Assets.xcassets in Resources */,
				1D122EBB29802E9D006AFDE9 /* Main.storyboard in Resources */,
			);
			runOnlyForDeploymentPostprocessing = 0;
		};
/* End PBXResourcesBuildPhase section */

/* Begin PBXSourcesBuildPhase section */
		1D122EAC29802E9D006AFDE9 /* Sources */ = {
			isa = PBXSourcesBuildPhase;
			buildActionMask = 2147483647;
			files = (
				1D9DDF4129803AB600CABC0D /* DogList.swift in Sources */,
				1D9DDF4429803BFA00CABC0D /* WebClientService.swift in Sources */,
				1D122EB829802E9D006AFDE9 /* ViewController.swift in Sources */,
				1D122EB429802E9D006AFDE9 /* AppDelegate.swift in Sources */,
				1D9DDF3F2980384E00CABC0D /* Dog.swift in Sources */,
				1D0FBE9F29835EC0003876D6 /* DogCell.swift in Sources */,
				1D122EB629802E9D006AFDE9 /* SceneDelegate.swift in Sources */,
			);
			runOnlyForDeploymentPostprocessing = 0;
		};
/* End PBXSourcesBuildPhase section */

/* Begin PBXVariantGroup section */
		1D122EB929802E9D006AFDE9 /* Main.storyboard */ = {
			isa = PBXVariantGroup;
			children = (
				1D122EBA29802E9D006AFDE9 /* Base */,
			);
			name = Main.storyboard;
			sourceTree = "<group>";
		};
		1D122EBE29802E9E006AFDE9 /* LaunchScreen.storyboard */ = {
			isa = PBXVariantGroup;
			children = (
				1D122EBF29802E9E006AFDE9 /* Base */,
			);
			name = LaunchScreen.storyboard;
			sourceTree = "<group>";
		};
/* End PBXVariantGroup section */

/* Begin XCBuildConfiguration section */
		1D122EC229802E9E006AFDE9 /* Debug */ = {
			isa = XCBuildConfiguration;
			buildSettings = {
				ALWAYS_SEARCH_USER_PATHS = NO;
				CLANG_ANALYZER_NONNULL = YES;
				CLANG_ANALYZER_NUMBER_OBJECT_CONVERSION = YES_AGGRESSIVE;
				CLANG_CXX_LANGUAGE_STANDARD = "gnu++20";
				CLANG_ENABLE_MODULES = YES;
				CLANG_ENABLE_OBJC_ARC = YES;
				CLANG_ENABLE_OBJC_WEAK = YES;
				CLANG_WARN_BLOCK_CAPTURE_AUTORELEASING = YES;
				CLANG_WARN_BOOL_CONVERSION = YES;
				CLANG_WARN_COMMA = YES;
				CLANG_WARN_CONSTANT_CONVERSION = YES;
				CLANG_WARN_DEPRECATED_OBJC_IMPLEMENTATIONS = YES;
				CLANG_WARN_DIRECT_OBJC_ISA_USAGE = YES_ERROR;
				CLANG_WARN_DOCUMENTATION_COMMENTS = YES;
				CLANG_WARN_EMPTY_BODY = YES;
				CLANG_WARN_ENUM_CONVERSION = YES;
				CLANG_WARN_INFINITE_RECURSION = YES;
				CLANG_WARN_INT_CONVERSION = YES;
				CLANG_WARN_NON_LITERAL_NULL_CONVERSION = YES;
				CLANG_WARN_OBJC_IMPLICIT_RETAIN_SELF = YES;
				CLANG_WARN_OBJC_LITERAL_CONVERSION = YES;
				CLANG_WARN_OBJC_ROOT_CLASS = YES_ERROR;
				CLANG_WARN_QUOTED_INCLUDE_IN_FRAMEWORK_HEADER = YES;
				CLANG_WARN_RANGE_LOOP_ANALYSIS = YES;
				CLANG_WARN_STRICT_PROTOTYPES = YES;
				CLANG_WARN_SUSPICIOUS_MOVE = YES;
				CLANG_WARN_UNGUARDED_AVAILABILITY = YES_AGGRESSIVE;
				CLANG_WARN_UNREACHABLE_CODE = YES;
				CLANG_WARN__DUPLICATE_METHOD_MATCH = YES;
				COPY_PHASE_STRIP = NO;
				DEBUG_INFORMATION_FORMAT = dwarf;
				ENABLE_STRICT_OBJC_MSGSEND = YES;
				ENABLE_TESTABILITY = YES;
				GCC_C_LANGUAGE_STANDARD = gnu11;
				GCC_DYNAMIC_NO_PIC = NO;
				GCC_NO_COMMON_BLOCKS = YES;
				GCC_OPTIMIZATION_LEVEL = 0;
				GCC_PREPROCESSOR_DEFINITIONS = (
					"DEBUG=1",
					"$(inherited)",
				);
				GCC_WARN_64_TO_32_BIT_CONVERSION = YES;
				GCC_WARN_ABOUT_RETURN_TYPE = YES_ERROR;
				GCC_WARN_UNDECLARED_SELECTOR = YES;
				GCC_WARN_UNINITIALIZED_AUTOS = YES_AGGRESSIVE;
				GCC_WARN_UNUSED_FUNCTION = YES;
				GCC_WARN_UNUSED_VARIABLE = YES;
				IPHONEOS_DEPLOYMENT_TARGET = 16.2;
				MTL_ENABLE_DEBUG_INFO = INCLUDE_SOURCE;
				MTL_FAST_MATH = YES;
				ONLY_ACTIVE_ARCH = YES;
				SDKROOT = iphoneos;
				SWIFT_ACTIVE_COMPILATION_CONDITIONS = DEBUG;
				SWIFT_OPTIMIZATION_LEVEL = "-Onone";
			};
			name = Debug;
		};
		1D122EC329802E9E006AFDE9 /* Release */ = {
			isa = XCBuildConfiguration;
			buildSettings = {
				ALWAYS_SEARCH_USER_PATHS = NO;
				CLANG_ANALYZER_NONNULL = YES;
				CLANG_ANALYZER_NUMBER_OBJECT_CONVERSION = YES_AGGRESSIVE;
				CLANG_CXX_LANGUAGE_STANDARD = "gnu++20";
				CLANG_ENABLE_MODULES = YES;
				CLANG_ENABLE_OBJC_ARC = YES;
				CLANG_ENABLE_OBJC_WEAK = YES;
				CLANG_WARN_BLOCK_CAPTURE_AUTORELEASING = YES;
				CLANG_WARN_BOOL_CONVERSION = YES;
				CLANG_WARN_COMMA = YES;
				CLANG_WARN_CONSTANT_CONVERSION = YES;
				CLANG_WARN_DEPRECATED_OBJC_IMPLEMENTATIONS = YES;
				CLANG_WARN_DIRECT_OBJC_ISA_USAGE = YES_ERROR;
				CLANG_WARN_DOCUMENTATION_COMMENTS = YES;
				CLANG_WARN_EMPTY_BODY = YES;
				CLANG_WARN_ENUM_CONVERSION = YES;
				CLANG_WARN_INFINITE_RECURSION = YES;
				CLANG_WARN_INT_CONVERSION = YES;
				CLANG_WARN_NON_LITERAL_NULL_CONVERSION = YES;
				CLANG_WARN_OBJC_IMPLICIT_RETAIN_SELF = YES;
				CLANG_WARN_OBJC_LITERAL_CONVERSION = YES;
				CLANG_WARN_OBJC_ROOT_CLASS = YES_ERROR;
				CLANG_WARN_QUOTED_INCLUDE_IN_FRAMEWORK_HEADER = YES;
				CLANG_WARN_RANGE_LOOP_ANALYSIS = YES;
				CLANG_WARN_STRICT_PROTOTYPES = YES;
				CLANG_WARN_SUSPICIOUS_MOVE = YES;
				CLANG_WARN_UNGUARDED_AVAILABILITY = YES_AGGRESSIVE;
				CLANG_WARN_UNREACHABLE_CODE = YES;
				CLANG_WARN__DUPLICATE_METHOD_MATCH = YES;
				COPY_PHASE_STRIP = NO;
				DEBUG_INFORMATION_FORMAT = "dwarf-with-dsym";
				ENABLE_NS_ASSERTIONS = NO;
				ENABLE_STRICT_OBJC_MSGSEND = YES;
				GCC_C_LANGUAGE_STANDARD = gnu11;
				GCC_NO_COMMON_BLOCKS = YES;
				GCC_WARN_64_TO_32_BIT_CONVERSION = YES;
				GCC_WARN_ABOUT_RETURN_TYPE = YES_ERROR;
				GCC_WARN_UNDECLARED_SELECTOR = YES;
				GCC_WARN_UNINITIALIZED_AUTOS = YES_AGGRESSIVE;
				GCC_WARN_UNUSED_FUNCTION = YES;
				GCC_WARN_UNUSED_VARIABLE = YES;
				IPHONEOS_DEPLOYMENT_TARGET = 16.2;
				MTL_ENABLE_DEBUG_INFO = NO;
				MTL_FAST_MATH = YES;
				SDKROOT = iphoneos;
				SWIFT_COMPILATION_MODE = wholemodule;
				SWIFT_OPTIMIZATION_LEVEL = "-O";
				VALIDATE_PRODUCT = YES;
			};
			name = Release;
		};
		1D122EC529802E9E006AFDE9 /* Debug */ = {
			isa = XCBuildConfiguration;
			buildSettings = {
				ASSETCATALOG_COMPILER_APPICON_NAME = AppIcon;
				ASSETCATALOG_COMPILER_GLOBAL_ACCENT_COLOR_NAME = AccentColor;
				CODE_SIGN_STYLE = Automatic;
				CURRENT_PROJECT_VERSION = 1;
				GENERATE_INFOPLIST_FILE = YES;
				INFOPLIST_FILE = Assignment_2_Clean/Info.plist;
				INFOPLIST_KEY_UIApplicationSupportsIndirectInputEvents = YES;
				INFOPLIST_KEY_UILaunchStoryboardName = LaunchScreen;
				INFOPLIST_KEY_UIMainStoryboardFile = Main;
				INFOPLIST_KEY_UISupportedInterfaceOrientations_iPad = "UIInterfaceOrientationPortrait UIInterfaceOrientationPortraitUpsideDown UIInterfaceOrientationLandscapeLeft UIInterfaceOrientationLandscapeRight";
				INFOPLIST_KEY_UISupportedInterfaceOrientations_iPhone = "UIInterfaceOrientationPortrait UIInterfaceOrientationLandscapeLeft UIInterfaceOrientationLandscapeRight";
				LD_RUNPATH_SEARCH_PATHS = (
					"$(inherited)",
					"@executable_path/Frameworks",
				);
				MARKETING_VERSION = 1.0;
				PRODUCT_BUNDLE_IDENTIFIER = "hardroid.Assignment-2-Clean";
				PRODUCT_NAME = "$(TARGET_NAME)";
				SWIFT_EMIT_LOC_STRINGS = YES;
				SWIFT_VERSION = 5.0;
				TARGETED_DEVICE_FAMILY = "1,2";
			};
			name = Debug;
		};
		1D122EC629802E9E006AFDE9 /* Release */ = {
			isa = XCBuildConfiguration;
			buildSettings = {
				ASSETCATALOG_COMPILER_APPICON_NAME = AppIcon;
				ASSETCATALOG_COMPILER_GLOBAL_ACCENT_COLOR_NAME = AccentColor;
				CODE_SIGN_STYLE = Automatic;
				CURRENT_PROJECT_VERSION = 1;
				GENERATE_INFOPLIST_FILE = YES;
				INFOPLIST_FILE = Assignment_2_Clean/Info.plist;
				INFOPLIST_KEY_UIApplicationSupportsIndirectInputEvents = YES;
				INFOPLIST_KEY_UILaunchStoryboardName = LaunchScreen;
				INFOPLIST_KEY_UIMainStoryboardFile = Main;
				INFOPLIST_KEY_UISupportedInterfaceOrientations_iPad = "UIInterfaceOrientationPortrait UIInterfaceOrientationPortraitUpsideDown UIInterfaceOrientationLandscapeLeft UIInterfaceOrientationLandscapeRight";
				INFOPLIST_KEY_UISupportedInterfaceOrientations_iPhone = "UIInterfaceOrientationPortrait UIInterfaceOrientationLandscapeLeft UIInterfaceOrientationLandscapeRight";
				LD_RUNPATH_SEARCH_PATHS = (
					"$(inherited)",
					"@executable_path/Frameworks",
				);
				MARKETING_VERSION = 1.0;
				PRODUCT_BUNDLE_IDENTIFIER = "hardroid.Assignment-2-Clean";
				PRODUCT_NAME = "$(TARGET_NAME)";
				SWIFT_EMIT_LOC_STRINGS = YES;
				SWIFT_VERSION = 5.0;
				TARGETED_DEVICE_FAMILY = "1,2";
			};
			name = Release;
		};
/* End XCBuildConfiguration section */

/* Begin XCConfigurationList section */
		1D122EAB29802E9D006AFDE9 /* Build configuration list for PBXProject "Assignment_2_Clean" */ = {
			isa = XCConfigurationList;
			buildConfigurations = (
				1D122EC229802E9E006AFDE9 /* Debug */,
				1D122EC329802E9E006AFDE9 /* Release */,
			);
			defaultConfigurationIsVisible = 0;
			defaultConfigurationName = Release;
		};
		1D122EC429802E9E006AFDE9 /* Build configuration list for PBXNativeTarget "Assignment_2_Clean" */ = {
			isa = XCConfigurationList;
			buildConfigurations = (
				1D122EC529802E9E006AFDE9 /* Debug */,
				1D122EC629802E9E006AFDE9 /* Release */,
			);
			defaultConfigurationIsVisible = 0;
			defaultConfigurationName = Release;
		};
/* End XCConfigurationList section */
	};
	rootObject = 1D122EA829802E9D006AFDE9 /* Project object */;
}
